
Microsoft Visual Studio Solution File, Format Version 12.00
# Visual Studio Version 17
VisualStudioVersion = 17.0.31612.314
MinimumVisualStudioVersion = 10.0.40219.1
Project("{FAE04EC0-301F-11D3-BF4B-00C04F79EFBC}") = "Entidades", "Entidades\Entidades.csproj", "{6D320FCF-34C3-4132-9117-5E89AFCD978C}"
EndProject
Project("{2150E333-8FDC-42A3-9474-1A3956D46DE8}") = "1 - APIs", "1 - APIs", "{3BADE054-B93A-4E98-B56A-3AD63C1C83F9}"
EndProject
Project("{2150E333-8FDC-42A3-9474-1A3956D46DE8}") = "2 - Aplicação", "2 - Aplicação", "{273B036D-C5FA-4D46-9455-2F4CADC56C1A}"
EndProject
Project("{2150E333-8FDC-42A3-9474-1A3956D46DE8}") = "3 - Domínio", "3 - Domínio", "{BADF9085-EF5E-4065-8383-89AE12147188}"
EndProject
Project("{2150E333-8FDC-42A3-9474-1A3956D46DE8}") = "4 - Infraestrutura", "4 - Infraestrutura", "{15350141-6249-4D12-AC15-D55D5C191468}"
EndProject
Project("{2150E333-8FDC-42A3-9474-1A3956D46DE8}") = "5 - Entidades", "5 - Entidades", "{56E516A2-070E-4455-BCB2-CDC424C42DB5}"
EndProject
Project("{FAE04EC0-301F-11D3-BF4B-00C04F79EFBC}") = "Infraestrutura", "Infraestrutura\Infraestrutura.csproj", "{E2FA11DC-CED1-471B-B61B-8369745BE369}"
EndProject
Project("{FAE04EC0-301F-11D3-BF4B-00C04F79EFBC}") = "Dominio", "Dominio\Dominio.csproj", "{4C82EB5F-B97C-4FBC-AE53-499617CE976B}"
EndProject
Project("{FAE04EC0-301F-11D3-BF4B-00C04F79EFBC}") = "Aplicacao", "Aplicacao\Aplicacao.csproj", "{AD9B5DCC-EBDD-4F59-80BA-65A9A28CB2AE}"
EndProject
Project("{FAE04EC0-301F-11D3-BF4B-00C04F79EFBC}") = "WebAPI", "WebAPI\WebAPI.csproj", "{0AFACA1F-2064-4FE7-B866-1D793F4280AF}"
EndProject
Global
	GlobalSection(SolutionConfigurationPlatforms) = preSolution
		Debug|Any CPU = Debug|Any CPU
		Release|Any CPU = Release|Any CPU
	EndGlobalSection
	GlobalSection(ProjectConfigurationPlatforms) = postSolution
		{6D320FCF-34C3-4132-9117-5E89AFCD978C}.Debug|Any CPU.ActiveCfg = Debug|Any CPU
		{6D320FCF-34C3-4132-9117-5E89AFCD978C}.Debug|Any CPU.Build.0 = Debug|Any CPU
		{6D320FCF-34C3-4132-9117-5E89AFCD978C}.Release|Any CPU.ActiveCfg = Release|Any CPU
		{6D320FCF-34C3-4132-9117-5E89AFCD978C}.Release|Any CPU.Build.0 = Release|Any CPU
		{E2FA11DC-CED1-471B-B61B-8369745BE369}.Debug|Any CPU.ActiveCfg = Debug|Any CPU
		{E2FA11DC-CED1-471B-B61B-8369745BE369}.Debug|Any CPU.Build.0 = Debug|Any CPU
		{E2FA11DC-CED1-471B-B61B-8369745BE369}.Release|Any CPU.ActiveCfg = Release|Any CPU
		{E2FA11DC-CED1-471B-B61B-8369745BE369}.Release|Any CPU.Build.0 = Release|Any CPU
		{4C82EB5F-B97C-4FBC-AE53-499617CE976B}.Debug|Any CPU.ActiveCfg = Debug|Any CPU
		{4C82EB5F-B97C-4FBC-AE53-499617CE976B}.Debug|Any CPU.Build.0 = Debug|Any CPU
		{4C82EB5F-B97C-4FBC-AE53-499617CE976B}.Release|Any CPU.ActiveCfg = Release|Any CPU
		{4C82EB5F-B97C-4FBC-AE53-499617CE976B}.Release|Any CPU.Build.0 = Release|Any CPU
		{AD9B5DCC-EBDD-4F59-80BA-65A9A28CB2AE}.Debug|Any CPU.ActiveCfg = Debug|Any CPU
		{AD9B5DCC-EBDD-4F59-80BA-65A9A28CB2AE}.Debug|Any CPU.Build.0 = Debug|Any CPU
		{AD9B5DCC-EBDD-4F59-80BA-65A9A28CB2AE}.Release|Any CPU.ActiveCfg = Release|Any CPU
		{AD9B5DCC-EBDD-4F59-80BA-65A9A28CB2AE}.Release|Any CPU.Build.0 = Release|Any CPU
		{0AFACA1F-2064-4FE7-B866-1D793F4280AF}.Debug|Any CPU.ActiveCfg = Debug|Any CPU
		{0AFACA1F-2064-4FE7-B866-1D793F4280AF}.Debug|Any CPU.Build.0 = Debug|Any CPU
		{0AFACA1F-2064-4FE7-B866-1D793F4280AF}.Release|Any CPU.ActiveCfg = Release|Any CPU
		{0AFACA1F-2064-4FE7-B866-1D793F4280AF}.Release|Any CPU.Build.0 = Release|Any CPU
	EndGlobalSection
	GlobalSection(SolutionProperties) = preSolution
		HideSolutionNode = FALSE
	EndGlobalSection
	GlobalSection(NestedProjects) = preSolution
		{6D320FCF-34C3-4132-9117-5E89AFCD978C} = {56E516A2-070E-4455-BCB2-CDC424C42DB5}
		{E2FA11DC-CED1-471B-B61B-8369745BE369} = {15350141-6249-4D12-AC15-D55D5C191468}
		{4C82EB5F-B97C-4FBC-AE53-499617CE976B} = {BADF9085-EF5E-4065-8383-89AE12147188}
		{AD9B5DCC-EBDD-4F59-80BA-65A9A28CB2AE} = {273B036D-C5FA-4D46-9455-2F4CADC56C1A}
		{0AFACA1F-2064-4FE7-B866-1D793F4280AF} = {3BADE054-B93A-4E98-B56A-3AD63C1C83F9}
	EndGlobalSection
	GlobalSection(ExtensibilityGlobals) = postSolution
		SolutionGuid = {FC7ABA60-9D25-4850-BD94-BC6ED76E3A05}
	EndGlobalSection
EndGlobal
